{
  "name": "docs",
  "version": "1.0.0",
  "lockfileVersion": 1,
  "requires": true,
  "dependencies": {
    "vuepress-plugin-clean-urls": {
      "version": "1.1.1",
      "resolved": "https://registry.npmjs.org/vuepress-plugin-clean-urls/-/vuepress-plugin-clean-urls-1.1.1.tgz",
      "integrity": "sha512-cEDbqme8rPbkSbjz73ONFSKIZkzC8HFRBY7UD/oa1ZC655HYhQo3JMbJgJXeCQjV/vkl7WuPB/QMNlQY20PXjw=="
    }
  }
}
